<?xml version="1.0" encoding="utf-8"?>
<Project ToolsVersion="4.0" xmlns="http://schemas.microsoft.com/developer/msbuild/2003">
  <ItemGroup>
    <Filter Include="Source Files">
      <UniqueIdentifier>{4FC737F1-C7A5-4376-A066-2A32D752A2FF}</UniqueIdentifier>
      <Extensions>cpp;c;cc;cxx;def;odl;idl;hpj;bat;asm;asmx</Extensions>
    </Filter>
    <Filter Include="Header Files">
      <UniqueIdentifier>{93995380-89BD-4b04-88EB-625FBE52EBFB}</UniqueIdentifier>
      <Extensions>h;hh;hpp;hxx;hm;inl;inc;xsd</Extensions>
    </Filter>
    <Filter Include="Resource Files">
      <UniqueIdentifier>{67DA6AB6-F800-4c08-8B7A-83BB121AAD01}</UniqueIdentifier>
      <Extensions>rc;ico;cur;bmp;dlg;rc2;rct;bin;rgs;gif;jpg;jpeg;jpe;resx;tiff;tif;png;wav</Extensions>
    </Filter>
  </ItemGroup>
  <ItemGroup>
    <ClCompile Include="cubism\src\ArgumentParser.cpp">
      <Filter>Source Files</Filter>
    </ClCompile>
    <ClCompile Include="cubism\src\Histogram.cpp">
      <Filter>Source Files</Filter>
    </ClCompile>
    <ClCompile Include="cubism\tests\argparser\testArgumentParser.cpp">
      <Filter>Source Files</Filter>
    </ClCompile>
    <ClCompile Include="cubism\tests\spacefillingcurve\testSpaceFillingCurve.cpp">
      <Filter>Source Files</Filter>
    </ClCompile>
    <ClCompile Include="source\debugRL.cpp">
      <Filter>Source Files</Filter>
    </ClCompile>
    <ClCompile Include="source\main.cpp">
      <Filter>Source Files</Filter>
    </ClCompile>
    <ClCompile Include="source\Shape.cpp">
      <Filter>Source Files</Filter>
    </ClCompile>
    <ClCompile Include="source\Simulation.cpp">
      <Filter>Source Files</Filter>
    </ClCompile>
    <ClCompile Include="source\SimulationData.cpp">
      <Filter>Source Files</Filter>
    </ClCompile>
    <ClCompile Include="source\bindings\Bindings.cpp">
      <Filter>Source Files</Filter>
    </ClCompile>
    <ClCompile Include="source\bindings\Fields.cpp">
      <Filter>Source Files</Filter>
    </ClCompile>
    <ClCompile Include="source\bindings\Operators.cpp">
      <Filter>Source Files</Filter>
    </ClCompile>
    <ClCompile Include="source\bindings\Poisson.cpp">
      <Filter>Source Files</Filter>
    </ClCompile>
    <ClCompile Include="source\bindings\Shapes.cpp">
      <Filter>Source Files</Filter>
    </ClCompile>
    <ClCompile Include="source\bindings\Simulation.cpp">
      <Filter>Source Files</Filter>
    </ClCompile>
    <ClCompile Include="source\obstacles\CarlingFish.cpp">
      <Filter>Source Files</Filter>
    </ClCompile>
    <ClCompile Include="source\obstacles\CStartFish.cpp">
      <Filter>Source Files</Filter>
    </ClCompile>
    <ClCompile Include="source\obstacles\ExperimentFish.cpp">
      <Filter>Source Files</Filter>
    </ClCompile>
    <ClCompile Include="source\obstacles\Fish.cpp">
      <Filter>Source Files</Filter>
    </ClCompile>
    <ClCompile Include="source\obstacles\FishData.cpp">
      <Filter>Source Files</Filter>
    </ClCompile>
    <ClCompile Include="source\obstacles\Naca.cpp">
      <Filter>Source Files</Filter>
    </ClCompile>
    <ClCompile Include="source\obstacles\NeuroKinematicFish.cpp">
      <Filter>Source Files</Filter>
    </ClCompile>
    <ClCompile Include="source\obstacles\ShapeLibrary.cpp">
      <Filter>Source Files</Filter>
    </ClCompile>
    <ClCompile Include="source\obstacles\ShapesSimple.cpp">
      <Filter>Source Files</Filter>
    </ClCompile>
    <ClCompile Include="source\obstacles\SmartCylinder.cpp">
      <Filter>Source Files</Filter>
    </ClCompile>
    <ClCompile Include="source\obstacles\StefanFish.cpp">
      <Filter>Source Files</Filter>
    </ClCompile>
    <ClCompile Include="source\obstacles\Teardrop.cpp">
      <Filter>Source Files</Filter>
    </ClCompile>
    <ClCompile Include="source\obstacles\Waterturbine.cpp">
      <Filter>Source Files</Filter>
    </ClCompile>
    <ClCompile Include="source\obstacles\Windmill.cpp">
      <Filter>Source Files</Filter>
    </ClCompile>
    <ClCompile Include="source\obstacles\ZebraFish.cpp">
      <Filter>Source Files</Filter>
    </ClCompile>
    <ClCompile Include="source\operators\AdaptTheMesh.cpp">
      <Filter>Source Files</Filter>
    </ClCompile>
    <ClCompile Include="source\operators\advDiff.cpp">
      <Filter>Source Files</Filter>
    </ClCompile>
    <ClCompile Include="source\operators\advDiffSGS.cpp">
      <Filter>Source Files</Filter>
    </ClCompile>
    <ClCompile Include="source\operators\ComputeForces.cpp">
      <Filter>Source Files</Filter>
    </ClCompile>
    <ClCompile Include="source\operators\Forcing.cpp">
      <Filter>Source Files</Filter>
    </ClCompile>
    <ClCompile Include="source\operators\Helpers.cpp">
      <Filter>Source Files</Filter>
    </ClCompile>
    <ClCompile Include="source\operators\ImportExportUniform.cpp">
      <Filter>Source Files</Filter>
    </ClCompile>
    <ClCompile Include="source\operators\PressureSingle.cpp">
      <Filter>Source Files</Filter>
    </ClCompile>
    <ClCompile Include="source\operators\PutObjectsOnGrid.cpp">
      <Filter>Source Files</Filter>
    </ClCompile>
    <ClCompile Include="source\poisson\AMRSolver.cpp">
      <Filter>Source Files</Filter>
    </ClCompile>
    <ClCompile Include="source\poisson\Base.cpp">
      <Filter>Source Files</Filter>
    </ClCompile>
    <ClCompile Include="source\poisson\ExpAMRSolver.cpp">
      <Filter>Source Files</Filter>
    </ClCompile>
    <ClCompile Include="source\poisson\LocalSpMatDnVec.cpp">
      <Filter>Source Files</Filter>
    </ClCompile>
    <ClCompile Include="source\utils\BufferedLogger.cpp">
      <Filter>Source Files</Filter>
    </ClCompile>
    <ClCompile Include="source\utils\StackTrace.cpp">
      <Filter>Source Files</Filter>
    </ClCompile>
    <ClCompile Include="tools\grid_compression\main.cpp">
      <Filter>Source Files</Filter>
    </ClCompile>
    <ClCompile Include="tools\uniform_conversion\main.cpp">
      <Filter>Source Files</Filter>
    </ClCompile>
  </ItemGroup>
  <ItemGroup>
    <ClInclude Include="cubism\include\cubism\AMR_MeshAdaptation.h">
      <Filter>Header Files</Filter>
    </ClInclude>
    <ClInclude Include="cubism\include\cubism\AMR_MeshAdaptationMPI.h">
      <Filter>Header Files</Filter>
    </ClInclude>
    <ClInclude Include="cubism\include\cubism\AMR_SynchronizerMPI.h">
      <Filter>Header Files</Filter>
    </ClInclude>
    <ClInclude Include="cubism\include\cubism\ArgumentParser.h">
      <Filter>Header Files</Filter>
    </ClInclude>
    <ClInclude Include="cubism\include\cubism\BlockInfo.h">
      <Filter>Header Files</Filter>
    </ClInclude>
    <ClInclude Include="cubism\include\cubism\BlockLab.h">
      <Filter>Header Files</Filter>
    </ClInclude>
    <ClInclude Include="cubism\include\cubism\BlockLabMPI.h">
      <Filter>Header Files</Filter>
    </ClInclude>
    <ClInclude Include="cubism\include\cubism\Definitions.h">
      <Filter>Header Files</Filter>
    </ClInclude>
    <ClInclude Include="cubism\include\cubism\FluxCorrection.h">
      <Filter>Header Files</Filter>
    </ClInclude>
    <ClInclude Include="cubism\include\cubism\FluxCorrectionMPI.h">
      <Filter>Header Files</Filter>
    </ClInclude>
    <ClInclude Include="cubism\include\cubism\Grid.h">
      <Filter>Header Files</Filter>
    </ClInclude>
    <ClInclude Include="cubism\include\cubism\GridMPI.h">
      <Filter>Header Files</Filter>
    </ClInclude>
    <ClInclude Include="cubism\include\cubism\GrowingVector.h">
      <Filter>Header Files</Filter>
    </ClInclude>
    <ClInclude Include="cubism\include\cubism\HDF5Dumper.h">
      <Filter>Header Files</Filter>
    </ClInclude>
    <ClInclude Include="cubism\include\cubism\HDF5Dumper_MPI.h">
      <Filter>Header Files</Filter>
    </ClInclude>
    <ClInclude Include="cubism\include\cubism\ImportExport.h">
      <Filter>Header Files</Filter>
    </ClInclude>
    <ClInclude Include="cubism\include\cubism\LoadBalancer.h">
      <Filter>Header Files</Filter>
    </ClInclude>
    <ClInclude Include="cubism\include\cubism\Matrix3D.h">
      <Filter>Header Files</Filter>
    </ClInclude>
    <ClInclude Include="cubism\include\cubism\Profiler.h">
      <Filter>Header Files</Filter>
    </ClInclude>
    <ClInclude Include="cubism\include\cubism\PUPkernelsMPI.h">
      <Filter>Header Files</Filter>
    </ClInclude>
    <ClInclude Include="cubism\include\cubism\SpaceFillingCurve.h">
      <Filter>Header Files</Filter>
    </ClInclude>
    <ClInclude Include="cubism\include\cubism\SpaceFillingCurve2D.h">
      <Filter>Header Files</Filter>
    </ClInclude>
    <ClInclude Include="cubism\include\cubism\StencilInfo.h">
      <Filter>Header Files</Filter>
    </ClInclude>
    <ClInclude Include="cubism\include\cubism\ImportExport.hh">
      <Filter>Header Files</Filter>
    </ClInclude>
    <ClInclude Include="cubism\tests\common.h">
      <Filter>Header Files</Filter>
    </ClInclude>
    <ClInclude Include="source\Definitions.h">
      <Filter>Header Files</Filter>
    </ClInclude>
    <ClInclude Include="source\ObstacleBlock.h">
      <Filter>Header Files</Filter>
    </ClInclude>
    <ClInclude Include="source\Operator.h">
      <Filter>Header Files</Filter>
    </ClInclude>
    <ClInclude Include="source\Shape.h">
      <Filter>Header Files</Filter>
    </ClInclude>
    <ClInclude Include="source\Simulation.h">
      <Filter>Header Files</Filter>
    </ClInclude>
    <ClInclude Include="source\SimulationData.h">
      <Filter>Header Files</Filter>
    </ClInclude>
    <ClInclude Include="source\bindings\Common.h">
      <Filter>Header Files</Filter>
    </ClInclude>
    <ClInclude Include="source\bindings\Fields.h">
      <Filter>Header Files</Filter>
    </ClInclude>
    <ClInclude Include="source\include\helper_cuda.h">
      <Filter>Header Files</Filter>
    </ClInclude>
    <ClInclude Include="source\obstacles\CarlingFish.h">
      <Filter>Header Files</Filter>
    </ClInclude>
    <ClInclude Include="source\obstacles\CStartFish.h">
      <Filter>Header Files</Filter>
    </ClInclude>
    <ClInclude Include="source\obstacles\ExperimentFish.h">
      <Filter>Header Files</Filter>
    </ClInclude>
    <ClInclude Include="source\obstacles\Fish.h">
      <Filter>Header Files</Filter>
    </ClInclude>
    <ClInclude Include="source\obstacles\FishData.h">
      <Filter>Header Files</Filter>
    </ClInclude>
    <ClInclude Include="source\obstacles\FishUtilities.h">
      <Filter>Header Files</Filter>
    </ClInclude>
    <ClInclude Include="source\obstacles\Naca.h">
      <Filter>Header Files</Filter>
    </ClInclude>
    <ClInclude Include="source\obstacles\NeuroKinematicFish.h">
      <Filter>Header Files</Filter>
    </ClInclude>
    <ClInclude Include="source\obstacles\ShapeLibrary.h">
      <Filter>Header Files</Filter>
    </ClInclude>
    <ClInclude Include="source\obstacles\ShapesSimple.h">
      <Filter>Header Files</Filter>
    </ClInclude>
    <ClInclude Include="source\obstacles\SmartCylinder.h">
      <Filter>Header Files</Filter>
    </ClInclude>
    <ClInclude Include="source\obstacles\StefanFish.h">
      <Filter>Header Files</Filter>
    </ClInclude>
    <ClInclude Include="source\obstacles\Teardrop.h">
      <Filter>Header Files</Filter>
    </ClInclude>
    <ClInclude Include="source\obstacles\Waterturbine.h">
      <Filter>Header Files</Filter>
    </ClInclude>
    <ClInclude Include="source\obstacles\Windmill.h">
      <Filter>Header Files</Filter>
    </ClInclude>
    <ClInclude Include="source\obstacles\ZebraFish.h">
      <Filter>Header Files</Filter>
    </ClInclude>
    <ClInclude Include="source\operators\AdaptTheMesh.h">
      <Filter>Header Files</Filter>
    </ClInclude>
    <ClInclude Include="source\operators\advDiff.h">
      <Filter>Header Files</Filter>
    </ClInclude>
    <ClInclude Include="source\operators\advDiffSGS.h">
      <Filter>Header Files</Filter>
    </ClInclude>
    <ClInclude Include="source\operators\ComputeForces.h">
      <Filter>Header Files</Filter>
    </ClInclude>
    <ClInclude Include="source\operators\Forcing.h">
      <Filter>Header Files</Filter>
    </ClInclude>
    <ClInclude Include="source\operators\Helpers.h">
      <Filter>Header Files</Filter>
    </ClInclude>
    <ClInclude Include="source\operators\ImportExportUniform.h">
      <Filter>Header Files</Filter>
    </ClInclude>
    <ClInclude Include="source\operators\PressureSingle.h">
      <Filter>Header Files</Filter>
    </ClInclude>
    <ClInclude Include="source\operators\PutObjectsOnGrid.h">
      <Filter>Header Files</Filter>
    </ClInclude>
    <ClInclude Include="source\poisson\AMRSolver.h">
      <Filter>Header Files</Filter>
    </ClInclude>
    <ClInclude Include="source\poisson\Base.h">
      <Filter>Header Files</Filter>
    </ClInclude>
    <ClInclude Include="source\poisson\ExpAMRSolver.h">
      <Filter>Header Files</Filter>
    </ClInclude>
    <ClInclude Include="source\poisson\LocalSpMatDnVec.h">
      <Filter>Header Files</Filter>
    </ClInclude>
    <ClInclude Include="source\utils\BufferedLogger.h">
      <Filter>Header Files</Filter>
    </ClInclude>
    <ClInclude Include="source\utils\FactoryFileLineParser.h">
      <Filter>Header Files</Filter>
    </ClInclude>
    <ClInclude Include="source\utils\IterativeLogger.h">
      <Filter>Header Files</Filter>
    </ClInclude>
    <ClInclude Include="source\utils\StackTrace.h">
      <Filter>Header Files</Filter>
    </ClInclude>
  </ItemGroup>
</Project>